
Microsoft Visual Studio Solution File, Format Version 12.00
Project("{FAE04EC0-301F-11D3-BF4B-00C04F79EFBC}") = "LingoGen.Generator", "LingoGen.Generator\LingoGen.Generator\LingoGen.Generator.csproj", "{A078F54B-170B-4C56-B160-EFEE0D91DFC6}"
EndProject
Project("{FAE04EC0-301F-11D3-BF4B-00C04F79EFBC}") = "LingoGen.Generator.Sample", "LingoGen.Generator\LingoGen.Generator.Sample\LingoGen.Generator.Sample.csproj", "{B0962E57-D28D-4D6F-9AE7-9EA32D2BF3F5}"
EndProject
Project("{FAE04EC0-301F-11D3-BF4B-00C04F79EFBC}") = "LingoGen.Generator.Tests", "LingoGen.Generator\LingoGen.Generator.Tests\LingoGen.Generator.Tests.csproj", "{85EEC817-B1FD-47F6-AF4A-D38CA2225C84}"
EndProject
Global
	GlobalSection(SolutionConfigurationPlatforms) = preSolution
		Debug|Any CPU = Debug|Any CPU
		Release|Any CPU = Release|Any CPU
	EndGlobalSection
	GlobalSection(ProjectConfigurationPlatforms) = postSolution
		{A078F54B-170B-4C56-B160-EFEE0D91DFC6}.Debug|Any CPU.ActiveCfg = Debug|Any CPU
		{A078F54B-170B-4C56-B160-EFEE0D91DFC6}.Debug|Any CPU.Build.0 = Debug|Any CPU
		{A078F54B-170B-4C56-B160-EFEE0D91DFC6}.Release|Any CPU.ActiveCfg = Release|Any CPU
		{A078F54B-170B-4C56-B160-EFEE0D91DFC6}.Release|Any CPU.Build.0 = Release|Any CPU
		{B0962E57-D28D-4D6F-9AE7-9EA32D2BF3F5}.Debug|Any CPU.ActiveCfg = Debug|Any CPU
		{B0962E57-D28D-4D6F-9AE7-9EA32D2BF3F5}.Debug|Any CPU.Build.0 = Debug|Any CPU
		{B0962E57-D28D-4D6F-9AE7-9EA32D2BF3F5}.Release|Any CPU.ActiveCfg = Release|Any CPU
		{B0962E57-D28D-4D6F-9AE7-9EA32D2BF3F5}.Release|Any CPU.Build.0 = Release|Any CPU
		{85EEC817-B1FD-47F6-AF4A-D38CA2225C84}.Debug|Any CPU.ActiveCfg = Debug|Any CPU
		{85EEC817-B1FD-47F6-AF4A-D38CA2225C84}.Debug|Any CPU.Build.0 = Debug|Any CPU
		{85EEC817-B1FD-47F6-AF4A-D38CA2225C84}.Release|Any CPU.ActiveCfg = Release|Any CPU
		{85EEC817-B1FD-47F6-AF4A-D38CA2225C84}.Release|Any CPU.Build.0 = Release|Any CPU
	EndGlobalSection
EndGlobal
